
Microsoft Visual Studio Solution File, Format Version 12.00
# Visual Studio Version 17
VisualStudioVersion = 17.0.31903.59
MinimumVisualStudioVersion = 10.0.40219.1
Project("{FAE04EC0-301F-11D3-BF4B-00C04F79EFBC}") = "ToolAccess.Api", "ToolAccess.Api\ToolAccess.Api.csproj", "{A6249034-C50A-45FB-ACE2-4B7F4CCB8521}"
EndProject
Project("{FAE04EC0-301F-11D3-BF4B-00C04F79EFBC}") = "ToolAccess.Tests", "ToolAccess.Tests\ToolAccess.Tests.csproj", "{D9D2FA7C-5B04-456D-8708-61A67673A4A8}"
EndProject
Global
	GlobalSection(SolutionConfigurationPlatforms) = preSolution
		Debug|Any CPU = Debug|Any CPU
		Release|Any CPU = Release|Any CPU
	EndGlobalSection
	GlobalSection(SolutionProperties) = preSolution
		HideSolutionNode = FALSE
	EndGlobalSection
	GlobalSection(ProjectConfigurationPlatforms) = postSolution
		{A6249034-C50A-45FB-ACE2-4B7F4CCB8521}.Debug|Any CPU.ActiveCfg = Debug|Any CPU
		{A6249034-C50A-45FB-ACE2-4B7F4CCB8521}.Debug|Any CPU.Build.0 = Debug|Any CPU
		{A6249034-C50A-45FB-ACE2-4B7F4CCB8521}.Release|Any CPU.ActiveCfg = Release|Any CPU
		{A6249034-C50A-45FB-ACE2-4B7F4CCB8521}.Release|Any CPU.Build.0 = Release|Any CPU
		{D9D2FA7C-5B04-456D-8708-61A67673A4A8}.Debug|Any CPU.ActiveCfg = Debug|Any CPU
		{D9D2FA7C-5B04-456D-8708-61A67673A4A8}.Debug|Any CPU.Build.0 = Debug|Any CPU
		{D9D2FA7C-5B04-456D-8708-61A67673A4A8}.Release|Any CPU.ActiveCfg = Release|Any CPU
		{D9D2FA7C-5B04-456D-8708-61A67673A4A8}.Release|Any CPU.Build.0 = Release|Any CPU
	EndGlobalSection
EndGlobal
